
Microsoft Visual Studio Solution File, Format Version 12.00
# Visual Studio 15
VisualStudioVersion = 15.0.27428.2002
MinimumVisualStudioVersion = 10.0.40219.1
Project("{D2ABAB84-BF74-430A-B69E-9DC6D40DDA17}") = "mi-primer-cubo", "mi-primer-cubo\mi-primer-cubo.dwproj", "{9C08E22E-5E5F-4116-8CC3-8DEBCDD440AC}"
EndProject
Global
	GlobalSection(SolutionConfigurationPlatforms) = preSolution
		Development|Default = Development|Default
	EndGlobalSection
	GlobalSection(ProjectConfigurationPlatforms) = postSolution
		{9C08E22E-5E5F-4116-8CC3-8DEBCDD440AC}.Development|Default.ActiveCfg = Development
		{9C08E22E-5E5F-4116-8CC3-8DEBCDD440AC}.Development|Default.Build.0 = Development
		{9C08E22E-5E5F-4116-8CC3-8DEBCDD440AC}.Development|Default.Deploy.0 = Development
	EndGlobalSection
	GlobalSection(SolutionProperties) = preSolution
		HideSolutionNode = FALSE
	EndGlobalSection
	GlobalSection(ExtensibilityGlobals) = postSolution
		SolutionGuid = {2E989DB2-7315-4967-BFEB-1D457F615E35}
	EndGlobalSection
EndGlobal
